
Microsoft Visual Studio Solution File, Format Version 12.00
# Visual Studio 2013
VisualStudioVersion = 12.0.40629.0
MinimumVisualStudioVersion = 10.0.40219.1
Project("{FAE04EC0-301F-11D3-BF4B-00C04F79EFBC}") = "Project_20210308", "Project_20210308\Project_20210308.csproj", "{2DE2FCC9-2CF9-4245-AD81-D37867A41210}"
EndProject
Project("{FAE04EC0-301F-11D3-BF4B-00C04F79EFBC}") = "DataLayer", "DataLayer\DataLayer.csproj", "{2DB5097D-C2EC-41D5-BE9E-89A6B6922EB8}"
EndProject
Global
	GlobalSection(SolutionConfigurationPlatforms) = preSolution
		Debug|Any CPU = Debug|Any CPU
		Release|Any CPU = Release|Any CPU
	EndGlobalSection
	GlobalSection(ProjectConfigurationPlatforms) = postSolution
		{2DE2FCC9-2CF9-4245-AD81-D37867A41210}.Debug|Any CPU.ActiveCfg = Debug|Any CPU
		{2DE2FCC9-2CF9-4245-AD81-D37867A41210}.Debug|Any CPU.Build.0 = Debug|Any CPU
		{2DE2FCC9-2CF9-4245-AD81-D37867A41210}.Release|Any CPU.ActiveCfg = Release|Any CPU
		{2DE2FCC9-2CF9-4245-AD81-D37867A41210}.Release|Any CPU.Build.0 = Release|Any CPU
		{2DB5097D-C2EC-41D5-BE9E-89A6B6922EB8}.Debug|Any CPU.ActiveCfg = Debug|Any CPU
		{2DB5097D-C2EC-41D5-BE9E-89A6B6922EB8}.Debug|Any CPU.Build.0 = Debug|Any CPU
		{2DB5097D-C2EC-41D5-BE9E-89A6B6922EB8}.Release|Any CPU.ActiveCfg = Release|Any CPU
		{2DB5097D-C2EC-41D5-BE9E-89A6B6922EB8}.Release|Any CPU.Build.0 = Release|Any CPU
	EndGlobalSection
	GlobalSection(SolutionProperties) = preSolution
		HideSolutionNode = FALSE
	EndGlobalSection
EndGlobal
